
Microsoft Visual Studio Solution File, Format Version 12.00
# Visual Studio Version 17
VisualStudioVersion = 17.13.35913.81 d17.13
MinimumVisualStudioVersion = 10.0.40219.1
Project("{FAE04EC0-301F-11D3-BF4B-00C04F79EFBC}") = "WebformApplication", "WebformApplication\WebformApplication.csproj", "{6AC90E4C-9545-4565-98CB-072EA900626B}"
EndProject
Global
	GlobalSection(SolutionConfigurationPlatforms) = preSolution
		Debug|Any CPU = Debug|Any CPU
		Release|Any CPU = Release|Any CPU
	EndGlobalSection
	GlobalSection(ProjectConfigurationPlatforms) = postSolution
		{6AC90E4C-9545-4565-98CB-072EA900626B}.Debug|Any CPU.ActiveCfg = Debug|Any CPU
		{6AC90E4C-9545-4565-98CB-072EA900626B}.Debug|Any CPU.Build.0 = Debug|Any CPU
		{6AC90E4C-9545-4565-98CB-072EA900626B}.Release|Any CPU.ActiveCfg = Release|Any CPU
		{6AC90E4C-9545-4565-98CB-072EA900626B}.Release|Any CPU.Build.0 = Release|Any CPU
	EndGlobalSection
	GlobalSection(SolutionProperties) = preSolution
		HideSolutionNode = FALSE
	EndGlobalSection
	GlobalSection(ExtensibilityGlobals) = postSolution
		SolutionGuid = {35E7F2B6-1BC4-474A-8B8A-2F9B90B301CC}
	EndGlobalSection
EndGlobal
